
Microsoft Visual Studio Solution File, Format Version 12.00
# Visual Studio Version 17
VisualStudioVersion = 17.5.33516.290
MinimumVisualStudioVersion = 10.0.40219.1
Project("{FAE04EC0-301F-11D3-BF4B-00C04F79EFBC}") = "exemplo-app", "exemplo-app\exemplo-app.csproj", "{A61FE69E-CFF8-4D6F-A10C-033F475ECEAC}"
EndProject
Global
	GlobalSection(SolutionConfigurationPlatforms) = preSolution
		Debug|Any CPU = Debug|Any CPU
		Release|Any CPU = Release|Any CPU
	EndGlobalSection
	GlobalSection(ProjectConfigurationPlatforms) = postSolution
		{A61FE69E-CFF8-4D6F-A10C-033F475ECEAC}.Debug|Any CPU.ActiveCfg = Debug|Any CPU
		{A61FE69E-CFF8-4D6F-A10C-033F475ECEAC}.Debug|Any CPU.Build.0 = Debug|Any CPU
		{A61FE69E-CFF8-4D6F-A10C-033F475ECEAC}.Release|Any CPU.ActiveCfg = Release|Any CPU
		{A61FE69E-CFF8-4D6F-A10C-033F475ECEAC}.Release|Any CPU.Build.0 = Release|Any CPU
	EndGlobalSection
	GlobalSection(SolutionProperties) = preSolution
		HideSolutionNode = FALSE
	EndGlobalSection
	GlobalSection(ExtensibilityGlobals) = postSolution
		SolutionGuid = {2E638744-9A3F-4DD2-A425-2D1F92F99A01}
	EndGlobalSection
EndGlobal
